
Microsoft Visual Studio Solution File, Format Version 12.00
Project("{FAE04EC0-301F-11D3-BF4B-00C04F79EFBC}") = "InvoiceSender", "InvoiceSender\InvoiceSender.csproj", "{2FD3A653-4A15-4BAF-A7A4-599AB7F21225}"
EndProject
Project("{FAE04EC0-301F-11D3-BF4B-00C04F79EFBC}") = "SalesReport", "SalesReport\SalesReport.csproj", "{3A4235B4-C65B-44E5-9F67-F4FBF6F62F7A}"
EndProject
Project("{FAE04EC0-301F-11D3-BF4B-00C04F79EFBC}") = "InvoiceSender.Test", "InvoiceSender.Test\InvoiceSender.Test.csproj", "{43CA641E-779A-46A4-A4B1-3CF63B7AB1C5}"
EndProject
Project("{FAE04EC0-301F-11D3-BF4B-00C04F79EFBC}") = "SalesReport.Test", "SalesReport.Test\SalesReport.Test.csproj", "{9E53813B-E532-4023-9C81-E6C0282EE19E}"
EndProject
Global
	GlobalSection(SolutionConfigurationPlatforms) = preSolution
		Debug|Any CPU = Debug|Any CPU
		Release|Any CPU = Release|Any CPU
	EndGlobalSection
	GlobalSection(ProjectConfigurationPlatforms) = postSolution
		{2FD3A653-4A15-4BAF-A7A4-599AB7F21225}.Debug|Any CPU.ActiveCfg = Debug|Any CPU
		{2FD3A653-4A15-4BAF-A7A4-599AB7F21225}.Debug|Any CPU.Build.0 = Debug|Any CPU
		{2FD3A653-4A15-4BAF-A7A4-599AB7F21225}.Release|Any CPU.ActiveCfg = Release|Any CPU
		{2FD3A653-4A15-4BAF-A7A4-599AB7F21225}.Release|Any CPU.Build.0 = Release|Any CPU
		{3A4235B4-C65B-44E5-9F67-F4FBF6F62F7A}.Debug|Any CPU.ActiveCfg = Debug|Any CPU
		{3A4235B4-C65B-44E5-9F67-F4FBF6F62F7A}.Debug|Any CPU.Build.0 = Debug|Any CPU
		{3A4235B4-C65B-44E5-9F67-F4FBF6F62F7A}.Release|Any CPU.ActiveCfg = Release|Any CPU
		{3A4235B4-C65B-44E5-9F67-F4FBF6F62F7A}.Release|Any CPU.Build.0 = Release|Any CPU
		{43CA641E-779A-46A4-A4B1-3CF63B7AB1C5}.Debug|Any CPU.ActiveCfg = Debug|Any CPU
		{43CA641E-779A-46A4-A4B1-3CF63B7AB1C5}.Debug|Any CPU.Build.0 = Debug|Any CPU
		{43CA641E-779A-46A4-A4B1-3CF63B7AB1C5}.Release|Any CPU.ActiveCfg = Release|Any CPU
		{43CA641E-779A-46A4-A4B1-3CF63B7AB1C5}.Release|Any CPU.Build.0 = Release|Any CPU
		{9E53813B-E532-4023-9C81-E6C0282EE19E}.Debug|Any CPU.ActiveCfg = Debug|Any CPU
		{9E53813B-E532-4023-9C81-E6C0282EE19E}.Debug|Any CPU.Build.0 = Debug|Any CPU
		{9E53813B-E532-4023-9C81-E6C0282EE19E}.Release|Any CPU.ActiveCfg = Release|Any CPU
		{9E53813B-E532-4023-9C81-E6C0282EE19E}.Release|Any CPU.Build.0 = Release|Any CPU
	EndGlobalSection
EndGlobal
